
Microsoft Visual Studio Solution File, Format Version 12.00
# Visual Studio Version 17
VisualStudioVersion = 17.3.32922.545
MinimumVisualStudioVersion = 10.0.40219.1
Project("{FAE04EC0-301F-11D3-BF4B-00C04F79EFBC}") = "STD_START_00", "STD_START\STD_START_00.csproj", "{91385368-A073-48D6-AEDC-C7B9F558CE34}"
EndProject
Project("{FAE04EC0-301F-11D3-BF4B-00C04F79EFBC}") = "STD_START_01", "STD_Class\STD_START_01.csproj", "{123B18DF-FFAC-4148-BF12-D3DC83EA99E4}"
EndProject
Project("{FAE04EC0-301F-11D3-BF4B-00C04F79EFBC}") = "STD_START_02", "STD_START_02\STD_START_02.csproj", "{EE56B3D3-E922-47F9-89A5-1794A422DD6B}"
EndProject
Project("{FAE04EC0-301F-11D3-BF4B-00C04F79EFBC}") = "STD_START_03", "STD_START_03\STD_START_03.csproj", "{4A2FA818-60FC-4CEC-A391-D815E946423D}"
EndProject
Project("{FAE04EC0-301F-11D3-BF4B-00C04F79EFBC}") = "STD_START_04", "STD_START_04\STD_START_04.csproj", "{6C89416B-EBAC-41DF-9C94-66977347ECAB}"
EndProject
Project("{FAE04EC0-301F-11D3-BF4B-00C04F79EFBC}") = "STD_START_05", "STD_START_05\STD_START_05.csproj", "{5E8B9485-401F-4FE7-97E6-74E8173A883D}"
EndProject
Project("{FAE04EC0-301F-11D3-BF4B-00C04F79EFBC}") = "STD_START_06", "STD_START_06\STD_START_06.csproj", "{33F27888-16EB-43FF-ADD4-68DB5D9D9158}"
EndProject
Project("{FAE04EC0-301F-11D3-BF4B-00C04F79EFBC}") = "STD_START_07", "STD_START_07\STD_START_07.csproj", "{98350C17-5B74-40FB-A768-4B2AC4C7BE0E}"
EndProject
Project("{FAE04EC0-301F-11D3-BF4B-00C04F79EFBC}") = "STD_START_08", "STD_START_08\STD_START_08.csproj", "{F5B4D986-97EF-4339-A42C-DFD4FE4E8E67}"
EndProject
Project("{FAE04EC0-301F-11D3-BF4B-00C04F79EFBC}") = "STD_START_09", "STD_START_09\STD_START_09.csproj", "{1B7925F0-52DE-4E57-B1FE-F71E4D707BB0}"
EndProject
Project("{FAE04EC0-301F-11D3-BF4B-00C04F79EFBC}") = "STD_START_10", "STD_START_10\STD_START_10.csproj", "{EEB34410-465A-43FD-8421-E74AA47B5523}"
EndProject
Project("{FAE04EC0-301F-11D3-BF4B-00C04F79EFBC}") = "STD_START_11", "STD_START_11\STD_START_11.csproj", "{68BB80FB-335A-40F0-8AF4-C6B2B47BD11F}"
EndProject
Project("{FAE04EC0-301F-11D3-BF4B-00C04F79EFBC}") = "STD_START_12", "STD_START_12\STD_START_12.csproj", "{8D21C2FA-88E7-4BC0-941F-1EFC8392A135}"
EndProject
Project("{FAE04EC0-301F-11D3-BF4B-00C04F79EFBC}") = "STD_START_13", "STD_START_13\STD_START_13.csproj", "{1F120F8E-398E-4BB7-B0DB-61837520DE14}"
EndProject
Project("{FAE04EC0-301F-11D3-BF4B-00C04F79EFBC}") = "STD_START_14", "STD_START_14\STD_START_14.csproj", "{46601AC2-C504-4D2B-9F3B-8C54B9A1C3C0}"
EndProject
Project("{FAE04EC0-301F-11D3-BF4B-00C04F79EFBC}") = "STD_START_15", "STD_START_15\STD_START_15.csproj", "{FD2C75FA-DA42-4B6D-9F75-CB5F4776C931}"
EndProject
Project("{FAE04EC0-301F-11D3-BF4B-00C04F79EFBC}") = "STD_START_16", "STD_START_16\STD_START_16.csproj", "{701E9ECD-4F98-4212-8573-FE0DAB4B8CED}"
EndProject
Project("{FAE04EC0-301F-11D3-BF4B-00C04F79EFBC}") = "STD_START_17", "STD_START_17\STD_START_17.csproj", "{5215162C-3F3D-43CA-A7D2-D0E53FAC5433}"
EndProject
Project("{FAE04EC0-301F-11D3-BF4B-00C04F79EFBC}") = "STD_START_18", "STD_START_18\STD_START_18.csproj", "{35935CA7-A955-4D3E-A7BE-09E34CC94556}"
EndProject
Project("{FAE04EC0-301F-11D3-BF4B-00C04F79EFBC}") = "STD_START_19", "STD_START_19\STD_START_19.csproj", "{57F6AF0B-3A3C-4A80-BF19-B18EF20CAB18}"
EndProject
Project("{FAE04EC0-301F-11D3-BF4B-00C04F79EFBC}") = "STD_START_20", "STD_START_20\STD_START_20.csproj", "{5B91872E-9D40-4EA5-A4E4-3EEA8FCE3A6A}"
EndProject
Project("{FAE04EC0-301F-11D3-BF4B-00C04F79EFBC}") = "STD_START_21", "STD_START_21\STD_START_21.csproj", "{0BFA46EB-8A8C-4980-B0C5-CB41E9A78E9C}"
EndProject
Project("{FAE04EC0-301F-11D3-BF4B-00C04F79EFBC}") = "STD_START_22", "STD_START_22\STD_START_22.csproj", "{1EF94F38-16A8-4F04-8838-DA306C6733AE}"
EndProject
Project("{FAE04EC0-301F-11D3-BF4B-00C04F79EFBC}") = "STD_START_23", "STD_START_23\STD_START_23.csproj", "{93B8D9CD-A9D5-4A8A-B6CC-D2B699D26F4A}"
EndProject
Project("{FAE04EC0-301F-11D3-BF4B-00C04F79EFBC}") = "STD_START_24", "STD_START_24\STD_START_24.csproj", "{BE4FE29B-1FA5-460C-8D50-BDBC06188666}"
EndProject
Project("{FAE04EC0-301F-11D3-BF4B-00C04F79EFBC}") = "STD_START_25", "STD_START_25\STD_START_25.csproj", "{1D9F47FD-600A-4583-AFEF-B24624337F46}"
EndProject
Project("{FAE04EC0-301F-11D3-BF4B-00C04F79EFBC}") = "STD_START_26", "STD_START_26\STD_START_26.csproj", "{B1ACC227-BCF4-4DB5-828E-62876EA6DE0A}"
EndProject
Project("{FAE04EC0-301F-11D3-BF4B-00C04F79EFBC}") = "STD_START_27", "STD_START_27\STD_START_27.csproj", "{0514CAE4-AADD-4A4E-A89F-3A0FAE66AB37}"
EndProject
Project("{FAE04EC0-301F-11D3-BF4B-00C04F79EFBC}") = "STD_START_28", "STD_START_28\STD_START_28.csproj", "{36C7F303-BF6E-4B19-8A07-FA17235E7C11}"
EndProject
Project("{FAE04EC0-301F-11D3-BF4B-00C04F79EFBC}") = "STD_START_29", "STD_START_29\STD_START_29.csproj", "{5652B52F-23BA-42A5-B7CC-C243B98B587D}"
EndProject
Project("{FAE04EC0-301F-11D3-BF4B-00C04F79EFBC}") = "STD_START_30", "STD_START_30\STD_START_30.csproj", "{AE71BBEC-4A8C-4E13-9755-F5DEFE50CFF1}"
EndProject
Project("{FAE04EC0-301F-11D3-BF4B-00C04F79EFBC}") = "STD_START_31", "STD_START_31\STD_START_31.csproj", "{02C4AB22-13AC-42DB-9378-17CB769DD182}"
EndProject
Project("{FAE04EC0-301F-11D3-BF4B-00C04F79EFBC}") = "STD_START_32", "STD_START_32\STD_START_32.csproj", "{2DFA8265-FA0A-4964-BC1D-9AB3A509BF04}"
EndProject
Project("{FAE04EC0-301F-11D3-BF4B-00C04F79EFBC}") = "STD_START_33", "STD_START_33\STD_START_33.csproj", "{A11E15E0-2D25-4FAB-8AF7-883211A2734A}"
EndProject
Project("{FAE04EC0-301F-11D3-BF4B-00C04F79EFBC}") = "STD_START_34", "STD_START_34\STD_START_34.csproj", "{CE2DD3B0-EF7A-4785-9A5D-3A64C23C64A9}"
EndProject
Project("{FAE04EC0-301F-11D3-BF4B-00C04F79EFBC}") = "STD_START_35", "STD_START_35\STD_START_35.csproj", "{F722FB92-5071-4965-A8CF-346C9B304C30}"
EndProject
Project("{FAE04EC0-301F-11D3-BF4B-00C04F79EFBC}") = "STD_START_36", "STD_START_36\STD_START_36.csproj", "{BFF47C76-2524-4D6D-B252-B9A016E19DB2}"
EndProject
Project("{FAE04EC0-301F-11D3-BF4B-00C04F79EFBC}") = "STD_START_37", "STD_START_37\STD_START_37.csproj", "{2FBC417A-8FC0-44A1-8F47-87DAA75BF11F}"
EndProject
Project("{FAE04EC0-301F-11D3-BF4B-00C04F79EFBC}") = "STD_START_38", "STD_START_38\STD_START_38.csproj", "{5C6E828D-792B-4C49-87E2-DD49C2406E7D}"
EndProject
Project("{FAE04EC0-301F-11D3-BF4B-00C04F79EFBC}") = "STD_START_39", "STD_START_39\STD_START_39.csproj", "{01991876-F8AA-48D8-9557-17CD42D32F80}"
EndProject
Project("{FAE04EC0-301F-11D3-BF4B-00C04F79EFBC}") = "STD_START_40", "STD_START_40\STD_START_40.csproj", "{8A330302-4083-4CB3-9331-CD0747D5E1E1}"
EndProject
Project("{FAE04EC0-301F-11D3-BF4B-00C04F79EFBC}") = "STD_START_41", "STD_START_41\STD_START_41.csproj", "{7E8B4415-0D85-43EB-8AA8-9F4BED1BC2ED}"
EndProject
Project("{FAE04EC0-301F-11D3-BF4B-00C04F79EFBC}") = "STD_START_42", "STD_START_42\STD_START_42.csproj", "{45D62E12-6159-420E-B52B-FFC2573009CE}"
EndProject
Project("{FAE04EC0-301F-11D3-BF4B-00C04F79EFBC}") = "STD_START_43", "STD_START_43\STD_START_43.csproj", "{379B2615-DF90-4923-8580-954DFEB32A6E}"
EndProject
Project("{FAE04EC0-301F-11D3-BF4B-00C04F79EFBC}") = "STD_START_44", "STD_START_44\STD_START_44.csproj", "{5BBBECAB-D9FC-4571-B533-535DAA1C6060}"
EndProject
Project("{FAE04EC0-301F-11D3-BF4B-00C04F79EFBC}") = "STD_START_45", "STD_START_45\STD_START_45.csproj", "{E8C700C0-9C6F-4E87-9A48-BFC0530E4DEC}"
EndProject
Project("{FAE04EC0-301F-11D3-BF4B-00C04F79EFBC}") = "STD_START_46", "STD_START_46\STD_START_46.csproj", "{6EC249C7-D46C-4482-A028-CEC4177F1902}"
EndProject
Project("{FAE04EC0-301F-11D3-BF4B-00C04F79EFBC}") = "STD_START_47", "STD_START_47\STD_START_47.csproj", "{29754A31-8686-48C5-A1E5-E383B12AE873}"
EndProject
Project("{FAE04EC0-301F-11D3-BF4B-00C04F79EFBC}") = "STD_START_48", "STD_START_48\STD_START_48.csproj", "{E4599DCF-F942-403B-AEB8-8451EFD67CB4}"
EndProject
Project("{FAE04EC0-301F-11D3-BF4B-00C04F79EFBC}") = "STD_START_49", "STD_START_49\STD_START_49.csproj", "{B3C06AC2-E637-4982-B3A0-633DF0A96A7B}"
EndProject
Project("{FAE04EC0-301F-11D3-BF4B-00C04F79EFBC}") = "STD_START_50", "STD_START_50\STD_START_50.csproj", "{E4DD6D65-0B60-471E-AED7-B61E1BE6E989}"
EndProject
Project("{FAE04EC0-301F-11D3-BF4B-00C04F79EFBC}") = "STD_START_51", "STD_START_51\STD_START_51.csproj", "{448E4150-2892-4481-819A-FB39DE0B92EA}"
EndProject
Project("{FAE04EC0-301F-11D3-BF4B-00C04F79EFBC}") = "STD_START_52", "STD_START_52\STD_START_52.csproj", "{83D822D6-866A-4DC4-9662-145066E9BE85}"
EndProject
Project("{FAE04EC0-301F-11D3-BF4B-00C04F79EFBC}") = "STD_START_53", "STD_START_53\STD_START_53.csproj", "{504E2390-4E1C-4309-BC27-060940EB4367}"
EndProject
Project("{FAE04EC0-301F-11D3-BF4B-00C04F79EFBC}") = "STD_START_54", "STD_START_54\STD_START_54.csproj", "{BFD763AC-0A37-4004-BA81-325EBB57DDCD}"
EndProject
Project("{FAE04EC0-301F-11D3-BF4B-00C04F79EFBC}") = "STD_START_55", "STD_START_55\STD_START_55.csproj", "{F229728B-8E97-4F67-A19E-B1E04369B44A}"
EndProject
Global
	GlobalSection(SolutionConfigurationPlatforms) = preSolution
		Debug|Any CPU = Debug|Any CPU
		Release|Any CPU = Release|Any CPU
	EndGlobalSection
	GlobalSection(ProjectConfigurationPlatforms) = postSolution
		{91385368-A073-48D6-AEDC-C7B9F558CE34}.Debug|Any CPU.ActiveCfg = Debug|Any CPU
		{91385368-A073-48D6-AEDC-C7B9F558CE34}.Debug|Any CPU.Build.0 = Debug|Any CPU
		{91385368-A073-48D6-AEDC-C7B9F558CE34}.Release|Any CPU.ActiveCfg = Release|Any CPU
		{91385368-A073-48D6-AEDC-C7B9F558CE34}.Release|Any CPU.Build.0 = Release|Any CPU
		{123B18DF-FFAC-4148-BF12-D3DC83EA99E4}.Debug|Any CPU.ActiveCfg = Debug|Any CPU
		{123B18DF-FFAC-4148-BF12-D3DC83EA99E4}.Debug|Any CPU.Build.0 = Debug|Any CPU
		{123B18DF-FFAC-4148-BF12-D3DC83EA99E4}.Release|Any CPU.ActiveCfg = Release|Any CPU
		{123B18DF-FFAC-4148-BF12-D3DC83EA99E4}.Release|Any CPU.Build.0 = Release|Any CPU
		{EE56B3D3-E922-47F9-89A5-1794A422DD6B}.Debug|Any CPU.ActiveCfg = Debug|Any CPU
		{EE56B3D3-E922-47F9-89A5-1794A422DD6B}.Debug|Any CPU.Build.0 = Debug|Any CPU
		{EE56B3D3-E922-47F9-89A5-1794A422DD6B}.Release|Any CPU.ActiveCfg = Release|Any CPU
		{EE56B3D3-E922-47F9-89A5-1794A422DD6B}.Release|Any CPU.Build.0 = Release|Any CPU
		{4A2FA818-60FC-4CEC-A391-D815E946423D}.Debug|Any CPU.ActiveCfg = Debug|Any CPU
		{4A2FA818-60FC-4CEC-A391-D815E946423D}.Debug|Any CPU.Build.0 = Debug|Any CPU
		{4A2FA818-60FC-4CEC-A391-D815E946423D}.Release|Any CPU.ActiveCfg = Release|Any CPU
		{4A2FA818-60FC-4CEC-A391-D815E946423D}.Release|Any CPU.Build.0 = Release|Any CPU
		{6C89416B-EBAC-41DF-9C94-66977347ECAB}.Debug|Any CPU.ActiveCfg = Debug|Any CPU
		{6C89416B-EBAC-41DF-9C94-66977347ECAB}.Debug|Any CPU.Build.0 = Debug|Any CPU
		{6C89416B-EBAC-41DF-9C94-66977347ECAB}.Release|Any CPU.ActiveCfg = Release|Any CPU
		{6C89416B-EBAC-41DF-9C94-66977347ECAB}.Release|Any CPU.Build.0 = Release|Any CPU
		{5E8B9485-401F-4FE7-97E6-74E8173A883D}.Debug|Any CPU.ActiveCfg = Debug|Any CPU
		{5E8B9485-401F-4FE7-97E6-74E8173A883D}.Debug|Any CPU.Build.0 = Debug|Any CPU
		{5E8B9485-401F-4FE7-97E6-74E8173A883D}.Release|Any CPU.ActiveCfg = Release|Any CPU
		{5E8B9485-401F-4FE7-97E6-74E8173A883D}.Release|Any CPU.Build.0 = Release|Any CPU
		{33F27888-16EB-43FF-ADD4-68DB5D9D9158}.Debug|Any CPU.ActiveCfg = Debug|Any CPU
		{33F27888-16EB-43FF-ADD4-68DB5D9D9158}.Debug|Any CPU.Build.0 = Debug|Any CPU
		{33F27888-16EB-43FF-ADD4-68DB5D9D9158}.Release|Any CPU.ActiveCfg = Release|Any CPU
		{33F27888-16EB-43FF-ADD4-68DB5D9D9158}.Release|Any CPU.Build.0 = Release|Any CPU
		{98350C17-5B74-40FB-A768-4B2AC4C7BE0E}.Debug|Any CPU.ActiveCfg = Debug|Any CPU
		{98350C17-5B74-40FB-A768-4B2AC4C7BE0E}.Debug|Any CPU.Build.0 = Debug|Any CPU
		{98350C17-5B74-40FB-A768-4B2AC4C7BE0E}.Release|Any CPU.ActiveCfg = Release|Any CPU
		{98350C17-5B74-40FB-A768-4B2AC4C7BE0E}.Release|Any CPU.Build.0 = Release|Any CPU
		{F5B4D986-97EF-4339-A42C-DFD4FE4E8E67}.Debug|Any CPU.ActiveCfg = Debug|Any CPU
		{F5B4D986-97EF-4339-A42C-DFD4FE4E8E67}.Debug|Any CPU.Build.0 = Debug|Any CPU
		{F5B4D986-97EF-4339-A42C-DFD4FE4E8E67}.Release|Any CPU.ActiveCfg = Release|Any CPU
		{F5B4D986-97EF-4339-A42C-DFD4FE4E8E67}.Release|Any CPU.Build.0 = Release|Any CPU
		{1B7925F0-52DE-4E57-B1FE-F71E4D707BB0}.Debug|Any CPU.ActiveCfg = Debug|Any CPU
		{1B7925F0-52DE-4E57-B1FE-F71E4D707BB0}.Debug|Any CPU.Build.0 = Debug|Any CPU
		{1B7925F0-52DE-4E57-B1FE-F71E4D707BB0}.Release|Any CPU.ActiveCfg = Release|Any CPU
		{1B7925F0-52DE-4E57-B1FE-F71E4D707BB0}.Release|Any CPU.Build.0 = Release|Any CPU
		{EEB34410-465A-43FD-8421-E74AA47B5523}.Debug|Any CPU.ActiveCfg = Debug|Any CPU
		{EEB34410-465A-43FD-8421-E74AA47B5523}.Debug|Any CPU.Build.0 = Debug|Any CPU
		{EEB34410-465A-43FD-8421-E74AA47B5523}.Release|Any CPU.ActiveCfg = Release|Any CPU
		{EEB34410-465A-43FD-8421-E74AA47B5523}.Release|Any CPU.Build.0 = Release|Any CPU
		{68BB80FB-335A-40F0-8AF4-C6B2B47BD11F}.Debug|Any CPU.ActiveCfg = Debug|Any CPU
		{68BB80FB-335A-40F0-8AF4-C6B2B47BD11F}.Debug|Any CPU.Build.0 = Debug|Any CPU
		{68BB80FB-335A-40F0-8AF4-C6B2B47BD11F}.Release|Any CPU.ActiveCfg = Release|Any CPU
		{68BB80FB-335A-40F0-8AF4-C6B2B47BD11F}.Release|Any CPU.Build.0 = Release|Any CPU
		{8D21C2FA-88E7-4BC0-941F-1EFC8392A135}.Debug|Any CPU.ActiveCfg = Debug|Any CPU
		{8D21C2FA-88E7-4BC0-941F-1EFC8392A135}.Debug|Any CPU.Build.0 = Debug|Any CPU
		{8D21C2FA-88E7-4BC0-941F-1EFC8392A135}.Release|Any CPU.ActiveCfg = Release|Any CPU
		{8D21C2FA-88E7-4BC0-941F-1EFC8392A135}.Release|Any CPU.Build.0 = Release|Any CPU
		{1F120F8E-398E-4BB7-B0DB-61837520DE14}.Debug|Any CPU.ActiveCfg = Debug|Any CPU
		{1F120F8E-398E-4BB7-B0DB-61837520DE14}.Debug|Any CPU.Build.0 = Debug|Any CPU
		{1F120F8E-398E-4BB7-B0DB-61837520DE14}.Release|Any CPU.ActiveCfg = Release|Any CPU
		{1F120F8E-398E-4BB7-B0DB-61837520DE14}.Release|Any CPU.Build.0 = Release|Any CPU
		{46601AC2-C504-4D2B-9F3B-8C54B9A1C3C0}.Debug|Any CPU.ActiveCfg = Debug|Any CPU
		{46601AC2-C504-4D2B-9F3B-8C54B9A1C3C0}.Debug|Any CPU.Build.0 = Debug|Any CPU
		{46601AC2-C504-4D2B-9F3B-8C54B9A1C3C0}.Release|Any CPU.ActiveCfg = Release|Any CPU
		{46601AC2-C504-4D2B-9F3B-8C54B9A1C3C0}.Release|Any CPU.Build.0 = Release|Any CPU
		{FD2C75FA-DA42-4B6D-9F75-CB5F4776C931}.Debug|Any CPU.ActiveCfg = Debug|Any CPU
		{FD2C75FA-DA42-4B6D-9F75-CB5F4776C931}.Debug|Any CPU.Build.0 = Debug|Any CPU
		{FD2C75FA-DA42-4B6D-9F75-CB5F4776C931}.Release|Any CPU.ActiveCfg = Release|Any CPU
		{FD2C75FA-DA42-4B6D-9F75-CB5F4776C931}.Release|Any CPU.Build.0 = Release|Any CPU
		{701E9ECD-4F98-4212-8573-FE0DAB4B8CED}.Debug|Any CPU.ActiveCfg = Debug|Any CPU
		{701E9ECD-4F98-4212-8573-FE0DAB4B8CED}.Debug|Any CPU.Build.0 = Debug|Any CPU
		{701E9ECD-4F98-4212-8573-FE0DAB4B8CED}.Release|Any CPU.ActiveCfg = Release|Any CPU
		{701E9ECD-4F98-4212-8573-FE0DAB4B8CED}.Release|Any CPU.Build.0 = Release|Any CPU
		{5215162C-3F3D-43CA-A7D2-D0E53FAC5433}.Debug|Any CPU.ActiveCfg = Debug|Any CPU
		{5215162C-3F3D-43CA-A7D2-D0E53FAC5433}.Debug|Any CPU.Build.0 = Debug|Any CPU
		{5215162C-3F3D-43CA-A7D2-D0E53FAC5433}.Release|Any CPU.ActiveCfg = Release|Any CPU
		{5215162C-3F3D-43CA-A7D2-D0E53FAC5433}.Release|Any CPU.Build.0 = Release|Any CPU
		{35935CA7-A955-4D3E-A7BE-09E34CC94556}.Debug|Any CPU.ActiveCfg = Debug|Any CPU
		{35935CA7-A955-4D3E-A7BE-09E34CC94556}.Debug|Any CPU.Build.0 = Debug|Any CPU
		{35935CA7-A955-4D3E-A7BE-09E34CC94556}.Release|Any CPU.ActiveCfg = Release|Any CPU
		{35935CA7-A955-4D3E-A7BE-09E34CC94556}.Release|Any CPU.Build.0 = Release|Any CPU
		{57F6AF0B-3A3C-4A80-BF19-B18EF20CAB18}.Debug|Any CPU.ActiveCfg = Debug|Any CPU
		{57F6AF0B-3A3C-4A80-BF19-B18EF20CAB18}.Debug|Any CPU.Build.0 = Debug|Any CPU
		{57F6AF0B-3A3C-4A80-BF19-B18EF20CAB18}.Release|Any CPU.ActiveCfg = Release|Any CPU
		{57F6AF0B-3A3C-4A80-BF19-B18EF20CAB18}.Release|Any CPU.Build.0 = Release|Any CPU
		{5B91872E-9D40-4EA5-A4E4-3EEA8FCE3A6A}.Debug|Any CPU.ActiveCfg = Debug|Any CPU
		{5B91872E-9D40-4EA5-A4E4-3EEA8FCE3A6A}.Debug|Any CPU.Build.0 = Debug|Any CPU
		{5B91872E-9D40-4EA5-A4E4-3EEA8FCE3A6A}.Release|Any CPU.ActiveCfg = Release|Any CPU
		{5B91872E-9D40-4EA5-A4E4-3EEA8FCE3A6A}.Release|Any CPU.Build.0 = Release|Any CPU
		{0BFA46EB-8A8C-4980-B0C5-CB41E9A78E9C}.Debug|Any CPU.ActiveCfg = Debug|Any CPU
		{0BFA46EB-8A8C-4980-B0C5-CB41E9A78E9C}.Debug|Any CPU.Build.0 = Debug|Any CPU
		{0BFA46EB-8A8C-4980-B0C5-CB41E9A78E9C}.Release|Any CPU.ActiveCfg = Release|Any CPU
		{0BFA46EB-8A8C-4980-B0C5-CB41E9A78E9C}.Release|Any CPU.Build.0 = Release|Any CPU
		{1EF94F38-16A8-4F04-8838-DA306C6733AE}.Debug|Any CPU.ActiveCfg = Debug|Any CPU
		{1EF94F38-16A8-4F04-8838-DA306C6733AE}.Debug|Any CPU.Build.0 = Debug|Any CPU
		{1EF94F38-16A8-4F04-8838-DA306C6733AE}.Release|Any CPU.ActiveCfg = Release|Any CPU
		{1EF94F38-16A8-4F04-8838-DA306C6733AE}.Release|Any CPU.Build.0 = Release|Any CPU
		{93B8D9CD-A9D5-4A8A-B6CC-D2B699D26F4A}.Debug|Any CPU.ActiveCfg = Debug|Any CPU
		{93B8D9CD-A9D5-4A8A-B6CC-D2B699D26F4A}.Debug|Any CPU.Build.0 = Debug|Any CPU
		{93B8D9CD-A9D5-4A8A-B6CC-D2B699D26F4A}.Release|Any CPU.ActiveCfg = Release|Any CPU
		{93B8D9CD-A9D5-4A8A-B6CC-D2B699D26F4A}.Release|Any CPU.Build.0 = Release|Any CPU
		{BE4FE29B-1FA5-460C-8D50-BDBC06188666}.Debug|Any CPU.ActiveCfg = Debug|Any CPU
		{BE4FE29B-1FA5-460C-8D50-BDBC06188666}.Debug|Any CPU.Build.0 = Debug|Any CPU
		{BE4FE29B-1FA5-460C-8D50-BDBC06188666}.Release|Any CPU.ActiveCfg = Release|Any CPU
		{BE4FE29B-1FA5-460C-8D50-BDBC06188666}.Release|Any CPU.Build.0 = Release|Any CPU
		{1D9F47FD-600A-4583-AFEF-B24624337F46}.Debug|Any CPU.ActiveCfg = Debug|Any CPU
		{1D9F47FD-600A-4583-AFEF-B24624337F46}.Debug|Any CPU.Build.0 = Debug|Any CPU
		{1D9F47FD-600A-4583-AFEF-B24624337F46}.Release|Any CPU.ActiveCfg = Release|Any CPU
		{1D9F47FD-600A-4583-AFEF-B24624337F46}.Release|Any CPU.Build.0 = Release|Any CPU
		{B1ACC227-BCF4-4DB5-828E-62876EA6DE0A}.Debug|Any CPU.ActiveCfg = Debug|Any CPU
		{B1ACC227-BCF4-4DB5-828E-62876EA6DE0A}.Debug|Any CPU.Build.0 = Debug|Any CPU
		{B1ACC227-BCF4-4DB5-828E-62876EA6DE0A}.Release|Any CPU.ActiveCfg = Release|Any CPU
		{B1ACC227-BCF4-4DB5-828E-62876EA6DE0A}.Release|Any CPU.Build.0 = Release|Any CPU
		{0514CAE4-AADD-4A4E-A89F-3A0FAE66AB37}.Debug|Any CPU.ActiveCfg = Debug|Any CPU
		{0514CAE4-AADD-4A4E-A89F-3A0FAE66AB37}.Debug|Any CPU.Build.0 = Debug|Any CPU
		{0514CAE4-AADD-4A4E-A89F-3A0FAE66AB37}.Release|Any CPU.ActiveCfg = Release|Any CPU
		{0514CAE4-AADD-4A4E-A89F-3A0FAE66AB37}.Release|Any CPU.Build.0 = Release|Any CPU
		{36C7F303-BF6E-4B19-8A07-FA17235E7C11}.Debug|Any CPU.ActiveCfg = Debug|Any CPU
		{36C7F303-BF6E-4B19-8A07-FA17235E7C11}.Debug|Any CPU.Build.0 = Debug|Any CPU
		{36C7F303-BF6E-4B19-8A07-FA17235E7C11}.Release|Any CPU.ActiveCfg = Release|Any CPU
		{36C7F303-BF6E-4B19-8A07-FA17235E7C11}.Release|Any CPU.Build.0 = Release|Any CPU
		{5652B52F-23BA-42A5-B7CC-C243B98B587D}.Debug|Any CPU.ActiveCfg = Debug|Any CPU
		{5652B52F-23BA-42A5-B7CC-C243B98B587D}.Debug|Any CPU.Build.0 = Debug|Any CPU
		{5652B52F-23BA-42A5-B7CC-C243B98B587D}.Release|Any CPU.ActiveCfg = Release|Any CPU
		{5652B52F-23BA-42A5-B7CC-C243B98B587D}.Release|Any CPU.Build.0 = Release|Any CPU
		{AE71BBEC-4A8C-4E13-9755-F5DEFE50CFF1}.Debug|Any CPU.ActiveCfg = Debug|Any CPU
		{AE71BBEC-4A8C-4E13-9755-F5DEFE50CFF1}.Debug|Any CPU.Build.0 = Debug|Any CPU
		{AE71BBEC-4A8C-4E13-9755-F5DEFE50CFF1}.Release|Any CPU.ActiveCfg = Release|Any CPU
		{AE71BBEC-4A8C-4E13-9755-F5DEFE50CFF1}.Release|Any CPU.Build.0 = Release|Any CPU
		{02C4AB22-13AC-42DB-9378-17CB769DD182}.Debug|Any CPU.ActiveCfg = Debug|Any CPU
		{02C4AB22-13AC-42DB-9378-17CB769DD182}.Debug|Any CPU.Build.0 = Debug|Any CPU
		{02C4AB22-13AC-42DB-9378-17CB769DD182}.Release|Any CPU.ActiveCfg = Release|Any CPU
		{02C4AB22-13AC-42DB-9378-17CB769DD182}.Release|Any CPU.Build.0 = Release|Any CPU
		{2DFA8265-FA0A-4964-BC1D-9AB3A509BF04}.Debug|Any CPU.ActiveCfg = Debug|Any CPU
		{2DFA8265-FA0A-4964-BC1D-9AB3A509BF04}.Debug|Any CPU.Build.0 = Debug|Any CPU
		{2DFA8265-FA0A-4964-BC1D-9AB3A509BF04}.Release|Any CPU.ActiveCfg = Release|Any CPU
		{2DFA8265-FA0A-4964-BC1D-9AB3A509BF04}.Release|Any CPU.Build.0 = Release|Any CPU
		{A11E15E0-2D25-4FAB-8AF7-883211A2734A}.Debug|Any CPU.ActiveCfg = Debug|Any CPU
		{A11E15E0-2D25-4FAB-8AF7-883211A2734A}.Debug|Any CPU.Build.0 = Debug|Any CPU
		{A11E15E0-2D25-4FAB-8AF7-883211A2734A}.Release|Any CPU.ActiveCfg = Release|Any CPU
		{A11E15E0-2D25-4FAB-8AF7-883211A2734A}.Release|Any CPU.Build.0 = Release|Any CPU
		{CE2DD3B0-EF7A-4785-9A5D-3A64C23C64A9}.Debug|Any CPU.ActiveCfg = Debug|Any CPU
		{CE2DD3B0-EF7A-4785-9A5D-3A64C23C64A9}.Debug|Any CPU.Build.0 = Debug|Any CPU
		{CE2DD3B0-EF7A-4785-9A5D-3A64C23C64A9}.Release|Any CPU.ActiveCfg = Release|Any CPU
		{CE2DD3B0-EF7A-4785-9A5D-3A64C23C64A9}.Release|Any CPU.Build.0 = Release|Any CPU
		{F722FB92-5071-4965-A8CF-346C9B304C30}.Debug|Any CPU.ActiveCfg = Debug|Any CPU
		{F722FB92-5071-4965-A8CF-346C9B304C30}.Debug|Any CPU.Build.0 = Debug|Any CPU
		{F722FB92-5071-4965-A8CF-346C9B304C30}.Release|Any CPU.ActiveCfg = Release|Any CPU
		{F722FB92-5071-4965-A8CF-346C9B304C30}.Release|Any CPU.Build.0 = Release|Any CPU
		{BFF47C76-2524-4D6D-B252-B9A016E19DB2}.Debug|Any CPU.ActiveCfg = Debug|Any CPU
		{BFF47C76-2524-4D6D-B252-B9A016E19DB2}.Debug|Any CPU.Build.0 = Debug|Any CPU
		{BFF47C76-2524-4D6D-B252-B9A016E19DB2}.Release|Any CPU.ActiveCfg = Release|Any CPU
		{BFF47C76-2524-4D6D-B252-B9A016E19DB2}.Release|Any CPU.Build.0 = Release|Any CPU
		{2FBC417A-8FC0-44A1-8F47-87DAA75BF11F}.Debug|Any CPU.ActiveCfg = Debug|Any CPU
		{2FBC417A-8FC0-44A1-8F47-87DAA75BF11F}.Debug|Any CPU.Build.0 = Debug|Any CPU
		{2FBC417A-8FC0-44A1-8F47-87DAA75BF11F}.Release|Any CPU.ActiveCfg = Release|Any CPU
		{2FBC417A-8FC0-44A1-8F47-87DAA75BF11F}.Release|Any CPU.Build.0 = Release|Any CPU
		{5C6E828D-792B-4C49-87E2-DD49C2406E7D}.Debug|Any CPU.ActiveCfg = Debug|Any CPU
		{5C6E828D-792B-4C49-87E2-DD49C2406E7D}.Debug|Any CPU.Build.0 = Debug|Any CPU
		{5C6E828D-792B-4C49-87E2-DD49C2406E7D}.Release|Any CPU.ActiveCfg = Release|Any CPU
		{5C6E828D-792B-4C49-87E2-DD49C2406E7D}.Release|Any CPU.Build.0 = Release|Any CPU
		{01991876-F8AA-48D8-9557-17CD42D32F80}.Debug|Any CPU.ActiveCfg = Debug|Any CPU
		{01991876-F8AA-48D8-9557-17CD42D32F80}.Debug|Any CPU.Build.0 = Debug|Any CPU
		{01991876-F8AA-48D8-9557-17CD42D32F80}.Release|Any CPU.ActiveCfg = Release|Any CPU
		{01991876-F8AA-48D8-9557-17CD42D32F80}.Release|Any CPU.Build.0 = Release|Any CPU
		{8A330302-4083-4CB3-9331-CD0747D5E1E1}.Debug|Any CPU.ActiveCfg = Debug|Any CPU
		{8A330302-4083-4CB3-9331-CD0747D5E1E1}.Debug|Any CPU.Build.0 = Debug|Any CPU
		{8A330302-4083-4CB3-9331-CD0747D5E1E1}.Release|Any CPU.ActiveCfg = Release|Any CPU
		{8A330302-4083-4CB3-9331-CD0747D5E1E1}.Release|Any CPU.Build.0 = Release|Any CPU
		{7E8B4415-0D85-43EB-8AA8-9F4BED1BC2ED}.Debug|Any CPU.ActiveCfg = Debug|Any CPU
		{7E8B4415-0D85-43EB-8AA8-9F4BED1BC2ED}.Debug|Any CPU.Build.0 = Debug|Any CPU
		{7E8B4415-0D85-43EB-8AA8-9F4BED1BC2ED}.Release|Any CPU.ActiveCfg = Release|Any CPU
		{7E8B4415-0D85-43EB-8AA8-9F4BED1BC2ED}.Release|Any CPU.Build.0 = Release|Any CPU
		{45D62E12-6159-420E-B52B-FFC2573009CE}.Debug|Any CPU.ActiveCfg = Debug|Any CPU
		{45D62E12-6159-420E-B52B-FFC2573009CE}.Debug|Any CPU.Build.0 = Debug|Any CPU
		{45D62E12-6159-420E-B52B-FFC2573009CE}.Release|Any CPU.ActiveCfg = Release|Any CPU
		{45D62E12-6159-420E-B52B-FFC2573009CE}.Release|Any CPU.Build.0 = Release|Any CPU
		{379B2615-DF90-4923-8580-954DFEB32A6E}.Debug|Any CPU.ActiveCfg = Debug|Any CPU
		{379B2615-DF90-4923-8580-954DFEB32A6E}.Debug|Any CPU.Build.0 = Debug|Any CPU
		{379B2615-DF90-4923-8580-954DFEB32A6E}.Release|Any CPU.ActiveCfg = Release|Any CPU
		{379B2615-DF90-4923-8580-954DFEB32A6E}.Release|Any CPU.Build.0 = Release|Any CPU
		{5BBBECAB-D9FC-4571-B533-535DAA1C6060}.Debug|Any CPU.ActiveCfg = Debug|Any CPU
		{5BBBECAB-D9FC-4571-B533-535DAA1C6060}.Debug|Any CPU.Build.0 = Debug|Any CPU
		{5BBBECAB-D9FC-4571-B533-535DAA1C6060}.Release|Any CPU.ActiveCfg = Release|Any CPU
		{5BBBECAB-D9FC-4571-B533-535DAA1C6060}.Release|Any CPU.Build.0 = Release|Any CPU
		{E8C700C0-9C6F-4E87-9A48-BFC0530E4DEC}.Debug|Any CPU.ActiveCfg = Debug|Any CPU
		{E8C700C0-9C6F-4E87-9A48-BFC0530E4DEC}.Debug|Any CPU.Build.0 = Debug|Any CPU
		{E8C700C0-9C6F-4E87-9A48-BFC0530E4DEC}.Release|Any CPU.ActiveCfg = Release|Any CPU
		{E8C700C0-9C6F-4E87-9A48-BFC0530E4DEC}.Release|Any CPU.Build.0 = Release|Any CPU
		{6EC249C7-D46C-4482-A028-CEC4177F1902}.Debug|Any CPU.ActiveCfg = Debug|Any CPU
		{6EC249C7-D46C-4482-A028-CEC4177F1902}.Debug|Any CPU.Build.0 = Debug|Any CPU
		{6EC249C7-D46C-4482-A028-CEC4177F1902}.Release|Any CPU.ActiveCfg = Release|Any CPU
		{6EC249C7-D46C-4482-A028-CEC4177F1902}.Release|Any CPU.Build.0 = Release|Any CPU
		{29754A31-8686-48C5-A1E5-E383B12AE873}.Debug|Any CPU.ActiveCfg = Debug|Any CPU
		{29754A31-8686-48C5-A1E5-E383B12AE873}.Debug|Any CPU.Build.0 = Debug|Any CPU
		{29754A31-8686-48C5-A1E5-E383B12AE873}.Release|Any CPU.ActiveCfg = Release|Any CPU
		{29754A31-8686-48C5-A1E5-E383B12AE873}.Release|Any CPU.Build.0 = Release|Any CPU
		{E4599DCF-F942-403B-AEB8-8451EFD67CB4}.Debug|Any CPU.ActiveCfg = Debug|Any CPU
		{E4599DCF-F942-403B-AEB8-8451EFD67CB4}.Debug|Any CPU.Build.0 = Debug|Any CPU
		{E4599DCF-F942-403B-AEB8-8451EFD67CB4}.Release|Any CPU.ActiveCfg = Release|Any CPU
		{E4599DCF-F942-403B-AEB8-8451EFD67CB4}.Release|Any CPU.Build.0 = Release|Any CPU
		{B3C06AC2-E637-4982-B3A0-633DF0A96A7B}.Debug|Any CPU.ActiveCfg = Debug|Any CPU
		{B3C06AC2-E637-4982-B3A0-633DF0A96A7B}.Debug|Any CPU.Build.0 = Debug|Any CPU
		{B3C06AC2-E637-4982-B3A0-633DF0A96A7B}.Release|Any CPU.ActiveCfg = Release|Any CPU
		{B3C06AC2-E637-4982-B3A0-633DF0A96A7B}.Release|Any CPU.Build.0 = Release|Any CPU
		{E4DD6D65-0B60-471E-AED7-B61E1BE6E989}.Debug|Any CPU.ActiveCfg = Debug|Any CPU
		{E4DD6D65-0B60-471E-AED7-B61E1BE6E989}.Debug|Any CPU.Build.0 = Debug|Any CPU
		{E4DD6D65-0B60-471E-AED7-B61E1BE6E989}.Release|Any CPU.ActiveCfg = Release|Any CPU
		{E4DD6D65-0B60-471E-AED7-B61E1BE6E989}.Release|Any CPU.Build.0 = Release|Any CPU
		{448E4150-2892-4481-819A-FB39DE0B92EA}.Debug|Any CPU.ActiveCfg = Debug|Any CPU
		{448E4150-2892-4481-819A-FB39DE0B92EA}.Debug|Any CPU.Build.0 = Debug|Any CPU
		{448E4150-2892-4481-819A-FB39DE0B92EA}.Release|Any CPU.ActiveCfg = Release|Any CPU
		{448E4150-2892-4481-819A-FB39DE0B92EA}.Release|Any CPU.Build.0 = Release|Any CPU
		{83D822D6-866A-4DC4-9662-145066E9BE85}.Debug|Any CPU.ActiveCfg = Debug|Any CPU
		{83D822D6-866A-4DC4-9662-145066E9BE85}.Debug|Any CPU.Build.0 = Debug|Any CPU
		{83D822D6-866A-4DC4-9662-145066E9BE85}.Release|Any CPU.ActiveCfg = Release|Any CPU
		{83D822D6-866A-4DC4-9662-145066E9BE85}.Release|Any CPU.Build.0 = Release|Any CPU
		{504E2390-4E1C-4309-BC27-060940EB4367}.Debug|Any CPU.ActiveCfg = Debug|Any CPU
		{504E2390-4E1C-4309-BC27-060940EB4367}.Debug|Any CPU.Build.0 = Debug|Any CPU
		{504E2390-4E1C-4309-BC27-060940EB4367}.Release|Any CPU.ActiveCfg = Release|Any CPU
		{504E2390-4E1C-4309-BC27-060940EB4367}.Release|Any CPU.Build.0 = Release|Any CPU
		{BFD763AC-0A37-4004-BA81-325EBB57DDCD}.Debug|Any CPU.ActiveCfg = Debug|Any CPU
		{BFD763AC-0A37-4004-BA81-325EBB57DDCD}.Debug|Any CPU.Build.0 = Debug|Any CPU
		{BFD763AC-0A37-4004-BA81-325EBB57DDCD}.Release|Any CPU.ActiveCfg = Release|Any CPU
		{BFD763AC-0A37-4004-BA81-325EBB57DDCD}.Release|Any CPU.Build.0 = Release|Any CPU
		{F229728B-8E97-4F67-A19E-B1E04369B44A}.Debug|Any CPU.ActiveCfg = Debug|Any CPU
		{F229728B-8E97-4F67-A19E-B1E04369B44A}.Debug|Any CPU.Build.0 = Debug|Any CPU
		{F229728B-8E97-4F67-A19E-B1E04369B44A}.Release|Any CPU.ActiveCfg = Release|Any CPU
		{F229728B-8E97-4F67-A19E-B1E04369B44A}.Release|Any CPU.Build.0 = Release|Any CPU
	EndGlobalSection
	GlobalSection(SolutionProperties) = preSolution
		HideSolutionNode = FALSE
	EndGlobalSection
	GlobalSection(ExtensibilityGlobals) = postSolution
		SolutionGuid = {73B25337-9BBF-4B58-B81D-486CB06F4624}
	EndGlobalSection
EndGlobal
